
Microsoft Visual Studio Solution File, Format Version 12.00
# Visual Studio 15
VisualStudioVersion = 15.0.27130.2027
MinimumVisualStudioVersion = 10.0.40219.1
Project("{FAE04EC0-301F-11D3-BF4B-00C04F79EFBC}") = "FileSystemCleaner", ".\FileSystemCleaner.csproj", "{8E503613-5DDC-409C-B7FF-2428F75CDC8B}"
EndProject
Global
	GlobalSection(SolutionConfigurationPlatforms) = preSolution
		Debug|Any CPU = Debug|Any CPU
		Release|Any CPU = Release|Any CPU
	EndGlobalSection
	GlobalSection(ProjectConfigurationPlatforms) = postSolution
		{8E503613-5DDC-409C-B7FF-2428F75CDC8B}.Debug|Any CPU.ActiveCfg = Debug|Any CPU
		{8E503613-5DDC-409C-B7FF-2428F75CDC8B}.Debug|Any CPU.Build.0 = Debug|Any CPU
		{8E503613-5DDC-409C-B7FF-2428F75CDC8B}.Release|Any CPU.ActiveCfg = Release|Any CPU
		{8E503613-5DDC-409C-B7FF-2428F75CDC8B}.Release|Any CPU.Build.0 = Release|Any CPU
	EndGlobalSection
	GlobalSection(SolutionProperties) = preSolution
		HideSolutionNode = FALSE
	EndGlobalSection
	GlobalSection(ExtensibilityGlobals) = postSolution
		SolutionGuid = {FE33C152-1A4F-4A8D-B9CF-8354B170D1B7}
	EndGlobalSection
EndGlobal
